
Microsoft Visual Studio Solution File, Format Version 12.00
# Visual Studio Version 17
VisualStudioVersion = 17.11.35312.102
MinimumVisualStudioVersion = 10.0.40219.1
Project("{FAE04EC0-301F-11D3-BF4B-00C04F79EFBC}") = "Assignment5_DownloadApp", "Assignment5_DownloadApp\Assignment5_DownloadApp.csproj", "{35536471-858C-4DA6-9164-A753BC1C3EDC}"
EndProject
Global
	GlobalSection(SolutionConfigurationPlatforms) = preSolution
		Debug|Any CPU = Debug|Any CPU
		Release|Any CPU = Release|Any CPU
	EndGlobalSection
	GlobalSection(ProjectConfigurationPlatforms) = postSolution
		{35536471-858C-4DA6-9164-A753BC1C3EDC}.Debug|Any CPU.ActiveCfg = Debug|Any CPU
		{35536471-858C-4DA6-9164-A753BC1C3EDC}.Debug|Any CPU.Build.0 = Debug|Any CPU
		{35536471-858C-4DA6-9164-A753BC1C3EDC}.Release|Any CPU.ActiveCfg = Release|Any CPU
		{35536471-858C-4DA6-9164-A753BC1C3EDC}.Release|Any CPU.Build.0 = Release|Any CPU
	EndGlobalSection
	GlobalSection(SolutionProperties) = preSolution
		HideSolutionNode = FALSE
	EndGlobalSection
	GlobalSection(ExtensibilityGlobals) = postSolution
		SolutionGuid = {23ED6A31-115A-42AD-96D0-EC06E65DAB67}
	EndGlobalSection
EndGlobal
