
Microsoft Visual Studio Solution File, Format Version 12.00
# Visual Studio Version 17
VisualStudioVersion = 17.11.35312.102
MinimumVisualStudioVersion = 10.0.40219.1
Project("{FAE04EC0-301F-11D3-BF4B-00C04F79EFBC}") = "Assignment2_DNSsystem", "Assignment2_DNSsystem\Assignment2_DNSsystem.csproj", "{FD36239E-226D-4893-8F69-5B2B6BED348A}"
EndProject
Global
	GlobalSection(SolutionConfigurationPlatforms) = preSolution
		Debug|Any CPU = Debug|Any CPU
		Release|Any CPU = Release|Any CPU
	EndGlobalSection
	GlobalSection(ProjectConfigurationPlatforms) = postSolution
		{FD36239E-226D-4893-8F69-5B2B6BED348A}.Debug|Any CPU.ActiveCfg = Debug|Any CPU
		{FD36239E-226D-4893-8F69-5B2B6BED348A}.Debug|Any CPU.Build.0 = Debug|Any CPU
		{FD36239E-226D-4893-8F69-5B2B6BED348A}.Release|Any CPU.ActiveCfg = Release|Any CPU
		{FD36239E-226D-4893-8F69-5B2B6BED348A}.Release|Any CPU.Build.0 = Release|Any CPU
	EndGlobalSection
	GlobalSection(SolutionProperties) = preSolution
		HideSolutionNode = FALSE
	EndGlobalSection
	GlobalSection(ExtensibilityGlobals) = postSolution
		SolutionGuid = {2E551A55-CA6A-4A11-8CCD-CFE753405945}
	EndGlobalSection
EndGlobal
