
Microsoft Visual Studio Solution File, Format Version 12.00
# Visual Studio Version 17
VisualStudioVersion = 17.11.35312.102
MinimumVisualStudioVersion = 10.0.40219.1
Project("{FAE04EC0-301F-11D3-BF4B-00C04F79EFBC}") = "Assignment1", "Assignment1\Assignment1.csproj", "{8DD5E1FB-5C44-41DE-975F-F54C6A705BCD}"
EndProject
Global
	GlobalSection(SolutionConfigurationPlatforms) = preSolution
		Debug|Any CPU = Debug|Any CPU
		Release|Any CPU = Release|Any CPU
	EndGlobalSection
	GlobalSection(ProjectConfigurationPlatforms) = postSolution
		{8DD5E1FB-5C44-41DE-975F-F54C6A705BCD}.Debug|Any CPU.ActiveCfg = Debug|Any CPU
		{8DD5E1FB-5C44-41DE-975F-F54C6A705BCD}.Debug|Any CPU.Build.0 = Debug|Any CPU
		{8DD5E1FB-5C44-41DE-975F-F54C6A705BCD}.Release|Any CPU.ActiveCfg = Release|Any CPU
		{8DD5E1FB-5C44-41DE-975F-F54C6A705BCD}.Release|Any CPU.Build.0 = Release|Any CPU
	EndGlobalSection
	GlobalSection(SolutionProperties) = preSolution
		HideSolutionNode = FALSE
	EndGlobalSection
	GlobalSection(ExtensibilityGlobals) = postSolution
		SolutionGuid = {0658BCC8-997E-4D24-A3A7-3D8D0E3DA3E9}
	EndGlobalSection
EndGlobal
